
Microsoft Visual Studio Solution File, Format Version 12.00
# Visual Studio 15
VisualStudioVersion = 15.0.27703.2000
MinimumVisualStudioVersion = 10.0.40219.1
Project("{FAE04EC0-301F-11D3-BF4B-00C04F79EFBC}") = "DataAccess.Part10.EfCore", "DataAccess.Part10.EfCore\DataAccess.Part10.EfCore.csproj", "{39B172FA-F111-428E-AA4D-C1EEC74BB39B}"
EndProject
Global
	GlobalSection(SolutionConfigurationPlatforms) = preSolution
		Debug|Any CPU = Debug|Any CPU
		Release|Any CPU = Release|Any CPU
	EndGlobalSection
	GlobalSection(ProjectConfigurationPlatforms) = postSolution
		{39B172FA-F111-428E-AA4D-C1EEC74BB39B}.Debug|Any CPU.ActiveCfg = Debug|Any CPU
		{39B172FA-F111-428E-AA4D-C1EEC74BB39B}.Debug|Any CPU.Build.0 = Debug|Any CPU
		{39B172FA-F111-428E-AA4D-C1EEC74BB39B}.Release|Any CPU.ActiveCfg = Release|Any CPU
		{39B172FA-F111-428E-AA4D-C1EEC74BB39B}.Release|Any CPU.Build.0 = Release|Any CPU
	EndGlobalSection
	GlobalSection(SolutionProperties) = preSolution
		HideSolutionNode = FALSE
	EndGlobalSection
	GlobalSection(ExtensibilityGlobals) = postSolution
		SolutionGuid = {CC26AE5C-AD3E-4CF9-8BC2-3175DE6A1C98}
	EndGlobalSection
EndGlobal
